
Microsoft Visual Studio Solution File, Format Version 12.00
# Visual Studio 2012
Project("{FAE04EC0-301F-11D3-BF4B-00C04F79EFBC}") = "HeskyScript", "HeskyScript\HeskyScript.csproj", "{CDC4A009-6233-4994-9EF0-24C2A3F85CCF}"
EndProject
Global
	GlobalSection(SolutionConfigurationPlatforms) = preSolution
		Debug|Any CPU = Debug|Any CPU
		Release|Any CPU = Release|Any CPU
	EndGlobalSection
	GlobalSection(ProjectConfigurationPlatforms) = postSolution
		{CDC4A009-6233-4994-9EF0-24C2A3F85CCF}.Debug|Any CPU.ActiveCfg = Debug|Any CPU
		{CDC4A009-6233-4994-9EF0-24C2A3F85CCF}.Debug|Any CPU.Build.0 = Debug|Any CPU
		{CDC4A009-6233-4994-9EF0-24C2A3F85CCF}.Release|Any CPU.ActiveCfg = Release|Any CPU
		{CDC4A009-6233-4994-9EF0-24C2A3F85CCF}.Release|Any CPU.Build.0 = Release|Any CPU
	EndGlobalSection
	GlobalSection(SolutionProperties) = preSolution
		HideSolutionNode = FALSE
	EndGlobalSection
EndGlobal
